{
  "name": "defender-game",
  "version": "1.0.0",
  "lockfileVersion": 1,
  "requires": true,
  "dependencies": {
    "@babel/polyfill": {
      "version": "7.4.4",
      "resolved": "https://registry.npmjs.org/@babel/polyfill/-/polyfill-7.4.4.tgz",
      "integrity": "sha512-WlthFLfhQQhh+A2Gn5NSFl0Huxz36x86Jn+E9OW7ibK8edKPq+KLy4apM1yDpQ8kJOVi1OVjpP4vSDLdrI04dg==",
      "requires": {
        "core-js": "^2.6.5",
        "regenerator-runtime": "^0.13.2"
      },
      "dependencies": {
        "core-js": {
          "version": "2.6.6",
          "resolved": "https://registry.npmjs.org/core-js/-/core-js-2.6.6.tgz",
          "integrity": "sha512-Mt/LaAym54NXnrjEMdo918cT2h70tqb/Yl7T3uPHQHRm5SxVoqlKmerUy4mL11k8saSBDWQ7ULIHxmeFyT3pfg=="
        }
      }
    },
    "core-js": {
      "version": "3.1.0",
      "resolved": "https://registry.npmjs.org/core-js/-/core-js-3.1.0.tgz",
      "integrity": "sha512-EyF8cMvUWRDWRLmC3+i50D1DqK4aFZWb/6PDPP2QfX2r0zXkgR2V9wt7jX7TRM0Qdj/3f6+JQkqfCaGkSj92iQ=="
    },
    "regenerator-runtime": {
      "version": "0.13.2",
      "resolved": "https://registry.npmjs.org/regenerator-runtime/-/regenerator-runtime-0.13.2.tgz",
      "integrity": "sha512-S/TQAZJO+D3m9xeN1WTI8dLKBBiRgXBlTJvbWjCThHWZj9EvHK70Ff50/tYj2J/fvBY6JtFVwRuazHN2E7M9BA=="
    }
  }
}
